
Microsoft Visual Studio Solution File, Format Version 12.00
# Visual Studio Version 17
VisualStudioVersion = 17.5.33627.172
MinimumVisualStudioVersion = 10.0.40219.1
Project("{FAE04EC0-301F-11D3-BF4B-00C04F79EFBC}") = "BarakaTop.Api", "BarakaTop.Api\BarakaTop.Api.csproj", "{04FC5773-760F-4110-BA29-08A403A3177F}"
EndProject
Project("{FAE04EC0-301F-11D3-BF4B-00C04F79EFBC}") = "BarakatTop.Data", "BarakatTop.Data\BarakatTop.Data.csproj", "{40D4451E-37E2-4F9B-8E88-B6D9854174EF}"
EndProject
Project("{FAE04EC0-301F-11D3-BF4B-00C04F79EFBC}") = "BarakaTop.Domain", "BarakaTop.Domain\BarakaTop.Domain.csproj", "{55B47BF2-516E-43E9-9A2E-725A2A67C0BE}"
EndProject
Global
	GlobalSection(SolutionConfigurationPlatforms) = preSolution
		Debug|Any CPU = Debug|Any CPU
		Release|Any CPU = Release|Any CPU
	EndGlobalSection
	GlobalSection(ProjectConfigurationPlatforms) = postSolution
		{04FC5773-760F-4110-BA29-08A403A3177F}.Debug|Any CPU.ActiveCfg = Debug|Any CPU
		{04FC5773-760F-4110-BA29-08A403A3177F}.Debug|Any CPU.Build.0 = Debug|Any CPU
		{04FC5773-760F-4110-BA29-08A403A3177F}.Release|Any CPU.ActiveCfg = Release|Any CPU
		{04FC5773-760F-4110-BA29-08A403A3177F}.Release|Any CPU.Build.0 = Release|Any CPU
		{40D4451E-37E2-4F9B-8E88-B6D9854174EF}.Debug|Any CPU.ActiveCfg = Debug|Any CPU
		{40D4451E-37E2-4F9B-8E88-B6D9854174EF}.Debug|Any CPU.Build.0 = Debug|Any CPU
		{40D4451E-37E2-4F9B-8E88-B6D9854174EF}.Release|Any CPU.ActiveCfg = Release|Any CPU
		{40D4451E-37E2-4F9B-8E88-B6D9854174EF}.Release|Any CPU.Build.0 = Release|Any CPU
		{55B47BF2-516E-43E9-9A2E-725A2A67C0BE}.Debug|Any CPU.ActiveCfg = Debug|Any CPU
		{55B47BF2-516E-43E9-9A2E-725A2A67C0BE}.Debug|Any CPU.Build.0 = Debug|Any CPU
		{55B47BF2-516E-43E9-9A2E-725A2A67C0BE}.Release|Any CPU.ActiveCfg = Release|Any CPU
		{55B47BF2-516E-43E9-9A2E-725A2A67C0BE}.Release|Any CPU.Build.0 = Release|Any CPU
	EndGlobalSection
	GlobalSection(SolutionProperties) = preSolution
		HideSolutionNode = FALSE
	EndGlobalSection
	GlobalSection(ExtensibilityGlobals) = postSolution
		SolutionGuid = {C5245C54-0BA9-4E71-BDC4-92D7F5B277E3}
	EndGlobalSection
EndGlobal
